// !$*UTF8*$!
{
	archiveVersion = 1;
	classes = {
	};
	objectVersion = 52;
	objects = {

/* Begin PBXBuildFile section */
		1D2231E1240862EC0052D33C /* ActivitiesList.swift in Sources */ = {isa = PBXBuildFile; fileRef = 1D2231E0240862EC0052D33C /* ActivitiesList.swift */; };
		1D2231E3240866F70052D33C /* MapView.swift in Sources */ = {isa = PBXBuildFile; fileRef = 1D2231E2240866F70052D33C /* MapView.swift */; };
		1D2231E5240878700052D33C /* SearchBar.swift in Sources */ = {isa = PBXBuildFile; fileRef = 1D2231E4240878700052D33C /* SearchBar.swift */; };
		1D2231E724087C690052D33C /* ProfileView.swift in Sources */ = {isa = PBXBuildFile; fileRef = 1D2231E624087C680052D33C /* ProfileView.swift */; };
		1D2231E9240893DE0052D33C /* MedalsList.swift in Sources */ = {isa = PBXBuildFile; fileRef = 1D2231E8240893DE0052D33C /* MedalsList.swift */; };
		1D2231EB240894440052D33C /* MedalRow.swift in Sources */ = {isa = PBXBuildFile; fileRef = 1D2231EA240894440052D33C /* MedalRow.swift */; };
		1D2231ED2408977E0052D33C /* InterestCircleImage.swift in Sources */ = {isa = PBXBuildFile; fileRef = 1D2231EC2408977E0052D33C /* InterestCircleImage.swift */; };
		1D2231EF240899370052D33C /* InterestsList.swift in Sources */ = {isa = PBXBuildFile; fileRef = 1D2231EE240899370052D33C /* InterestsList.swift */; };
		1D2231F12408A3A10052D33C /* ProfileInfo.swift in Sources */ = {isa = PBXBuildFile; fileRef = 1D2231F02408A3A10052D33C /* ProfileInfo.swift */; };
		1D2231F32408B15E0052D33C /* ActivityDetail.swift in Sources */ = {isa = PBXBuildFile; fileRef = 1D2231F22408B15E0052D33C /* ActivityDetail.swift */; };
		1D2CC8C72409D52E00741728 /* SubmitActivity.swift in Sources */ = {isa = PBXBuildFile; fileRef = 1D2CC8C62409D52E00741728 /* SubmitActivity.swift */; };
		1D2CC8C92409E47400741728 /* RegistrationTopics.swift in Sources */ = {isa = PBXBuildFile; fileRef = 1D2CC8C82409E47400741728 /* RegistrationTopics.swift */; };
		1D42E084240855D80049BF06 /* ActivityCard.swift in Sources */ = {isa = PBXBuildFile; fileRef = 1D42E083240855D80049BF06 /* ActivityCard.swift */; };
		1D7087FF242290FF0019C3AD /* Activity.swift in Sources */ = {isa = PBXBuildFile; fileRef = 1D7087FE242290FF0019C3AD /* Activity.swift */; };
		1D7088022422A08B0019C3AD /* ActivitiesWebService.swift in Sources */ = {isa = PBXBuildFile; fileRef = 1D7088012422A08B0019C3AD /* ActivitiesWebService.swift */; };
		1D7088052422A65C0019C3AD /* ActivitiesListViewModel.swift in Sources */ = {isa = PBXBuildFile; fileRef = 1D7088042422A65C0019C3AD /* ActivitiesListViewModel.swift */; };
		1D7990232423437400D715C4 /* ImageLoader.swift in Sources */ = {isa = PBXBuildFile; fileRef = 1D7990222423437400D715C4 /* ImageLoader.swift */; };
		1D799026242357CE00D715C4 /* URLImage in Frameworks */ = {isa = PBXBuildFile; productRef = 1D799025242357CE00D715C4 /* URLImage */; };
		1DC4FB012409881D008AF46C /* LoginView.swift in Sources */ = {isa = PBXBuildFile; fileRef = 1DC4FB002409881D008AF46C /* LoginView.swift */; };
		1DC4FB032409890B008AF46C /* SignInRectangle.swift in Sources */ = {isa = PBXBuildFile; fileRef = 1DC4FB022409890B008AF46C /* SignInRectangle.swift */; };
		1DD11D4D24082E03002A9541 /* AppDelegate.swift in Sources */ = {isa = PBXBuildFile; fileRef = 1DD11D4C24082E03002A9541 /* AppDelegate.swift */; };
		1DD11D4F24082E03002A9541 /* SceneDelegate.swift in Sources */ = {isa = PBXBuildFile; fileRef = 1DD11D4E24082E03002A9541 /* SceneDelegate.swift */; };
		1DD11D5124082E03002A9541 /* ContentView.swift in Sources */ = {isa = PBXBuildFile; fileRef = 1DD11D5024082E03002A9541 /* ContentView.swift */; };
		1DD11D5324082E08002A9541 /* Assets.xcassets in Resources */ = {isa = PBXBuildFile; fileRef = 1DD11D5224082E08002A9541 /* Assets.xcassets */; };
		1DD11D5624082E08002A9541 /* Preview Assets.xcassets in Resources */ = {isa = PBXBuildFile; fileRef = 1DD11D5524082E08002A9541 /* Preview Assets.xcassets */; };
		1DD11D5924082E08002A9541 /* LaunchScreen.storyboard in Resources */ = {isa = PBXBuildFile; fileRef = 1DD11D5724082E08002A9541 /* LaunchScreen.storyboard */; };
		1DD11D6224082FAE002A9541 /* ActivityCircleImage.swift in Sources */ = {isa = PBXBuildFile; fileRef = 1DD11D6124082FAE002A9541 /* ActivityCircleImage.swift */; };
		1DD2FE5A2409B05400450BFC /* AppContentView.swift in Sources */ = {isa = PBXBuildFile; fileRef = 1DD2FE592409B05400450BFC /* AppContentView.swift */; };
		1DD2FE5C2409B42400450BFC /* UserData.swift in Sources */ = {isa = PBXBuildFile; fileRef = 1DD2FE5B2409B42400450BFC /* UserData.swift */; };
/* End PBXBuildFile section */

/* Begin PBXFileReference section */
		1D2231E0240862EC0052D33C /* ActivitiesList.swift */ = {isa = PBXFileReference; lastKnownFileType = sourcecode.swift; path = ActivitiesList.swift; sourceTree = "<group>"; };
		1D2231E2240866F70052D33C /* MapView.swift */ = {isa = PBXFileReference; lastKnownFileType = sourcecode.swift; path = MapView.swift; sourceTree = "<group>"; };
		1D2231E4240878700052D33C /* SearchBar.swift */ = {isa = PBXFileReference; lastKnownFileType = sourcecode.swift; path = SearchBar.swift; sourceTree = "<group>"; };
		1D2231E624087C680052D33C /* ProfileView.swift */ = {isa = PBXFileReference; lastKnownFileType = sourcecode.swift; path = ProfileView.swift; sourceTree = "<group>"; };
		1D2231E8240893DE0052D33C /* MedalsList.swift */ = {isa = PBXFileReference; lastKnownFileType = sourcecode.swift; path = MedalsList.swift; sourceTree = "<group>"; };
		1D2231EA240894440052D33C /* MedalRow.swift */ = {isa = PBXFileReference; lastKnownFileType = sourcecode.swift; path = MedalRow.swift; sourceTree = "<group>"; };
		1D2231EC2408977E0052D33C /* InterestCircleImage.swift */ = {isa = PBXFileReference; lastKnownFileType = sourcecode.swift; path = InterestCircleImage.swift; sourceTree = "<group>"; };
		1D2231EE240899370052D33C /* InterestsList.swift */ = {isa = PBXFileReference; lastKnownFileType = sourcecode.swift; path = InterestsList.swift; sourceTree = "<group>"; };
		1D2231F02408A3A10052D33C /* ProfileInfo.swift */ = {isa = PBXFileReference; lastKnownFileType = sourcecode.swift; path = ProfileInfo.swift; sourceTree = "<group>"; };
		1D2231F22408B15E0052D33C /* ActivityDetail.swift */ = {isa = PBXFileReference; lastKnownFileType = sourcecode.swift; path = ActivityDetail.swift; sourceTree = "<group>"; };
		1D2CC8C62409D52E00741728 /* SubmitActivity.swift */ = {isa = PBXFileReference; lastKnownFileType = sourcecode.swift; path = SubmitActivity.swift; sourceTree = "<group>"; };
		1D2CC8C82409E47400741728 /* RegistrationTopics.swift */ = {isa = PBXFileReference; lastKnownFileType = sourcecode.swift; path = RegistrationTopics.swift; sourceTree = "<group>"; };
		1D42E083240855D80049BF06 /* ActivityCard.swift */ = {isa = PBXFileReference; lastKnownFileType = sourcecode.swift; path = ActivityCard.swift; sourceTree = "<group>"; };
		1D7087FE242290FF0019C3AD /* Activity.swift */ = {isa = PBXFileReference; lastKnownFileType = sourcecode.swift; path = Activity.swift; sourceTree = "<group>"; };
		1D7088012422A08B0019C3AD /* ActivitiesWebService.swift */ = {isa = PBXFileReference; lastKnownFileType = sourcecode.swift; path = ActivitiesWebService.swift; sourceTree = "<group>"; };
		1D7088042422A65C0019C3AD /* ActivitiesListViewModel.swift */ = {isa = PBXFileReference; lastKnownFileType = sourcecode.swift; path = ActivitiesListViewModel.swift; sourceTree = "<group>"; };
		1D7990222423437400D715C4 /* ImageLoader.swift */ = {isa = PBXFileReference; lastKnownFileType = sourcecode.swift; path = ImageLoader.swift; sourceTree = "<group>"; };
		1DC4FB002409881D008AF46C /* LoginView.swift */ = {isa = PBXFileReference; lastKnownFileType = sourcecode.swift; path = LoginView.swift; sourceTree = "<group>"; };
		1DC4FB022409890B008AF46C /* SignInRectangle.swift */ = {isa = PBXFileReference; lastKnownFileType = sourcecode.swift; path = SignInRectangle.swift; sourceTree = "<group>"; };
		1DD11D4924082E03002A9541 /* VolunteeringHub.app */ = {isa = PBXFileReference; explicitFileType = wrapper.application; includeInIndex = 0; path = VolunteeringHub.app; sourceTree = BUILT_PRODUCTS_DIR; };
		1DD11D4C24082E03002A9541 /* AppDelegate.swift */ = {isa = PBXFileReference; lastKnownFileType = sourcecode.swift; path = AppDelegate.swift; sourceTree = "<group>"; };
		1DD11D4E24082E03002A9541 /* SceneDelegate.swift */ = {isa = PBXFileReference; lastKnownFileType = sourcecode.swift; path = SceneDelegate.swift; sourceTree = "<group>"; };
		1DD11D5024082E03002A9541 /* ContentView.swift */ = {isa = PBXFileReference; lastKnownFileType = sourcecode.swift; path = ContentView.swift; sourceTree = "<group>"; };
		1DD11D5224082E08002A9541 /* Assets.xcassets */ = {isa = PBXFileReference; lastKnownFileType = folder.assetcatalog; path = Assets.xcassets; sourceTree = "<group>"; };
		1DD11D5524082E08002A9541 /* Preview Assets.xcassets */ = {isa = PBXFileReference; lastKnownFileType = folder.assetcatalog; path = "Preview Assets.xcassets"; sourceTree = "<group>"; };
		1DD11D5824082E08002A9541 /* Base */ = {isa = PBXFileReference; lastKnownFileType = file.storyboard; name = Base; path = Base.lproj/LaunchScreen.storyboard; sourceTree = "<group>"; };
		1DD11D5A24082E08002A9541 /* Info.plist */ = {isa = PBXFileReference; lastKnownFileType = text.plist.xml; path = Info.plist; sourceTree = "<group>"; };
		1DD11D6124082FAE002A9541 /* ActivityCircleImage.swift */ = {isa = PBXFileReference; lastKnownFileType = sourcecode.swift; path = ActivityCircleImage.swift; sourceTree = "<group>"; };
		1DD2FE592409B05400450BFC /* AppContentView.swift */ = {isa = PBXFileReference; lastKnownFileType = sourcecode.swift; path = AppContentView.swift; sourceTree = "<group>"; };
		1DD2FE5B2409B42400450BFC /* UserData.swift */ = {isa = PBXFileReference; lastKnownFileType = sourcecode.swift; path = UserData.swift; sourceTree = "<group>"; };
/* End PBXFileReference section */

/* Begin PBXFrameworksBuildPhase section */
		1DD11D4624082E03002A9541 /* Frameworks */ = {
			isa = PBXFrameworksBuildPhase;
			buildActionMask = 2147483647;
			files = (
				1D799026242357CE00D715C4 /* URLImage in Frameworks */,
			);
			runOnlyForDeploymentPostprocessing = 0;
		};
/* End PBXFrameworksBuildPhase section */

/* Begin PBXGroup section */
		1D7087FD242290D50019C3AD /* Models */ = {
			isa = PBXGroup;
			children = (
				1D7087FE242290FF0019C3AD /* Activity.swift */,
			);
			path = Models;
			sourceTree = "<group>";
		};
		1D7088002422A04C0019C3AD /* Services */ = {
			isa = PBXGroup;
			children = (
				1D7088012422A08B0019C3AD /* ActivitiesWebService.swift */,
				1D7990222423437400D715C4 /* ImageLoader.swift */,
			);
			path = Services;
			sourceTree = "<group>";
		};
		1D7088032422A6330019C3AD /* View Models */ = {
			isa = PBXGroup;
			children = (
				1D7088042422A65C0019C3AD /* ActivitiesListViewModel.swift */,
			);
			path = "View Models";
			sourceTree = "<group>";
		};
		1DD11D4024082E03002A9541 = {
			isa = PBXGroup;
			children = (
				1DD11D4B24082E03002A9541 /* VolunteeringHub */,
				1DD11D4A24082E03002A9541 /* Products */,
			);
			sourceTree = "<group>";
		};
		1DD11D4A24082E03002A9541 /* Products */ = {
			isa = PBXGroup;
			children = (
				1DD11D4924082E03002A9541 /* VolunteeringHub.app */,
			);
			name = Products;
			sourceTree = "<group>";
		};
		1DD11D4B24082E03002A9541 /* VolunteeringHub */ = {
			isa = PBXGroup;
			children = (
				1D7088032422A6330019C3AD /* View Models */,
				1D7088002422A04C0019C3AD /* Services */,
				1D7087FD242290D50019C3AD /* Models */,
				1DD11D6024082F22002A9541 /* SupportingViews */,
				1DD11D4C24082E03002A9541 /* AppDelegate.swift */,
				1DD11D4E24082E03002A9541 /* SceneDelegate.swift */,
				1DD11D5024082E03002A9541 /* ContentView.swift */,
				1DD11D5224082E08002A9541 /* Assets.xcassets */,
				1DD11D5724082E08002A9541 /* LaunchScreen.storyboard */,
				1DD11D5A24082E08002A9541 /* Info.plist */,
				1DD11D5424082E08002A9541 /* Preview Content */,
				1D42E083240855D80049BF06 /* ActivityCard.swift */,
				1D2231E0240862EC0052D33C /* ActivitiesList.swift */,
				1D2231E624087C680052D33C /* ProfileView.swift */,
				1D2231E8240893DE0052D33C /* MedalsList.swift */,
				1D2231EA240894440052D33C /* MedalRow.swift */,
				1D2231EE240899370052D33C /* InterestsList.swift */,
				1D2231F02408A3A10052D33C /* ProfileInfo.swift */,
				1D2231F22408B15E0052D33C /* ActivityDetail.swift */,
				1D2CC8C62409D52E00741728 /* SubmitActivity.swift */,
				1D2CC8C82409E47400741728 /* RegistrationTopics.swift */,
				1DC4FB002409881D008AF46C /* LoginView.swift */,
				1DD2FE592409B05400450BFC /* AppContentView.swift */,
				1DD2FE5B2409B42400450BFC /* UserData.swift */,
			);
			path = VolunteeringHub;
			sourceTree = "<group>";
		};
		1DD11D5424082E08002A9541 /* Preview Content */ = {
			isa = PBXGroup;
			children = (
				1DD11D5524082E08002A9541 /* Preview Assets.xcassets */,
			);
			path = "Preview Content";
			sourceTree = "<group>";
		};
		1DD11D6024082F22002A9541 /* SupportingViews */ = {
			isa = PBXGroup;
			children = (
				1DD11D6124082FAE002A9541 /* ActivityCircleImage.swift */,
				1D2231E2240866F70052D33C /* MapView.swift */,
				1D2231E4240878700052D33C /* SearchBar.swift */,
				1D2231EC2408977E0052D33C /* InterestCircleImage.swift */,
				1DC4FB022409890B008AF46C /* SignInRectangle.swift */,
			);
			path = SupportingViews;
			sourceTree = "<group>";
		};
/* End PBXGroup section */

/* Begin PBXNativeTarget section */
		1DD11D4824082E03002A9541 /* VolunteeringHub */ = {
			isa = PBXNativeTarget;
			buildConfigurationList = 1DD11D5D24082E08002A9541 /* Build configuration list for PBXNativeTarget "VolunteeringHub" */;
			buildPhases = (
				1DD11D4524082E03002A9541 /* Sources */,
				1DD11D4624082E03002A9541 /* Frameworks */,
				1DD11D4724082E03002A9541 /* Resources */,
			);
			buildRules = (
			);
			dependencies = (
			);
			name = VolunteeringHub;
			packageProductDependencies = (
				1D799025242357CE00D715C4 /* URLImage */,
			);
			productName = VolunteeringHub;
			productReference = 1DD11D4924082E03002A9541 /* VolunteeringHub.app */;
			productType = "com.apple.product-type.application";
		};
/* End PBXNativeTarget section */

/* Begin PBXProject section */
		1DD11D4124082E03002A9541 /* Project object */ = {
			isa = PBXProject;
			attributes = {
				LastSwiftUpdateCheck = 1130;
				LastUpgradeCheck = 1130;
				ORGANIZATIONNAME = "Universidad de los Andes";
				TargetAttributes = {
					1DD11D4824082E03002A9541 = {
						CreatedOnToolsVersion = 11.3.1;
					};
				};
			};
			buildConfigurationList = 1DD11D4424082E03002A9541 /* Build configuration list for PBXProject "VolunteeringHub" */;
			compatibilityVersion = "Xcode 9.3";
			developmentRegion = en;
			hasScannedForEncodings = 0;
			knownRegions = (
				en,
				Base,
			);
			mainGroup = 1DD11D4024082E03002A9541;
			packageReferences = (
				1D799024242357CD00D715C4 /* XCRemoteSwiftPackageReference "url-image" */,
			);
			productRefGroup = 1DD11D4A24082E03002A9541 /* Products */;
			projectDirPath = "";
			projectRoot = "";
			targets = (
				1DD11D4824082E03002A9541 /* VolunteeringHub */,
			);
		};
/* End PBXProject section */

/* Begin PBXResourcesBuildPhase section */
		1DD11D4724082E03002A9541 /* Resources */ = {
			isa = PBXResourcesBuildPhase;
			buildActionMask = 2147483647;
			files = (
				1DD11D5924082E08002A9541 /* LaunchScreen.storyboard in Resources */,
				1DD11D5624082E08002A9541 /* Preview Assets.xcassets in Resources */,
				1DD11D5324082E08002A9541 /* Assets.xcassets in Resources */,
			);
			runOnlyForDeploymentPostprocessing = 0;
		};
/* End PBXResourcesBuildPhase section */

/* Begin PBXSourcesBuildPhase section */
		1DD11D4524082E03002A9541 /* Sources */ = {
			isa = PBXSourcesBuildPhase;
			buildActionMask = 2147483647;
			files = (
				1DD2FE5A2409B05400450BFC /* AppContentView.swift in Sources */,
				1D2231E3240866F70052D33C /* MapView.swift in Sources */,
				1D2231E724087C690052D33C /* ProfileView.swift in Sources */,
				1DD2FE5C2409B42400450BFC /* UserData.swift in Sources */,
				1D2CC8C92409E47400741728 /* RegistrationTopics.swift in Sources */,
				1D2231F32408B15E0052D33C /* ActivityDetail.swift in Sources */,
				1DD11D4D24082E03002A9541 /* AppDelegate.swift in Sources */,
				1D2231EB240894440052D33C /* MedalRow.swift in Sources */,
				1D2CC8C72409D52E00741728 /* SubmitActivity.swift in Sources */,
				1DD11D4F24082E03002A9541 /* SceneDelegate.swift in Sources */,
				1D7088022422A08B0019C3AD /* ActivitiesWebService.swift in Sources */,
				1DC4FB032409890B008AF46C /* SignInRectangle.swift in Sources */,
				1D2231E1240862EC0052D33C /* ActivitiesList.swift in Sources */,
				1D7088052422A65C0019C3AD /* ActivitiesListViewModel.swift in Sources */,
				1DD11D6224082FAE002A9541 /* ActivityCircleImage.swift in Sources */,
				1D2231F12408A3A10052D33C /* ProfileInfo.swift in Sources */,
				1D2231E5240878700052D33C /* SearchBar.swift in Sources */,
				1D7990232423437400D715C4 /* ImageLoader.swift in Sources */,
				1D2231E9240893DE0052D33C /* MedalsList.swift in Sources */,
				1DD11D5124082E03002A9541 /* ContentView.swift in Sources */,
				1D2231EF240899370052D33C /* InterestsList.swift in Sources */,
				1D42E084240855D80049BF06 /* ActivityCard.swift in Sources */,
				1DC4FB012409881D008AF46C /* LoginView.swift in Sources */,
				1D7087FF242290FF0019C3AD /* Activity.swift in Sources */,
				1D2231ED2408977E0052D33C /* InterestCircleImage.swift in Sources */,
			);
			runOnlyForDeploymentPostprocessing = 0;
		};
/* End PBXSourcesBuildPhase section */

/* Begin PBXVariantGroup section */
		1DD11D5724082E08002A9541 /* LaunchScreen.storyboard */ = {
			isa = PBXVariantGroup;
			children = (
				1DD11D5824082E08002A9541 /* Base */,
			);
			name = LaunchScreen.storyboard;
			sourceTree = "<group>";
		};
/* End PBXVariantGroup section */

/* Begin XCBuildConfiguration section */
		1DD11D5B24082E08002A9541 /* Debug */ = {
			isa = XCBuildConfiguration;
			buildSettings = {
				ALWAYS_SEARCH_USER_PATHS = NO;
				CLANG_ANALYZER_NONNULL = YES;
				CLANG_ANALYZER_NUMBER_OBJECT_CONVERSION = YES_AGGRESSIVE;
				CLANG_CXX_LANGUAGE_STANDARD = "gnu++14";
				CLANG_CXX_LIBRARY = "libc++";
				CLANG_ENABLE_MODULES = YES;
				CLANG_ENABLE_OBJC_ARC = YES;
				CLANG_ENABLE_OBJC_WEAK = YES;
				CLANG_WARN_BLOCK_CAPTURE_AUTORELEASING = YES;
				CLANG_WARN_BOOL_CONVERSION = YES;
				CLANG_WARN_COMMA = YES;
				CLANG_WARN_CONSTANT_CONVERSION = YES;
				CLANG_WARN_DEPRECATED_OBJC_IMPLEMENTATIONS = YES;
				CLANG_WARN_DIRECT_OBJC_ISA_USAGE = YES_ERROR;
				CLANG_WARN_DOCUMENTATION_COMMENTS = YES;
				CLANG_WARN_EMPTY_BODY = YES;
				CLANG_WARN_ENUM_CONVERSION = YES;
				CLANG_WARN_INFINITE_RECURSION = YES;
				CLANG_WARN_INT_CONVERSION = YES;
				CLANG_WARN_NON_LITERAL_NULL_CONVERSION = YES;
				CLANG_WARN_OBJC_IMPLICIT_RETAIN_SELF = YES;
				CLANG_WARN_OBJC_LITERAL_CONVERSION = YES;
				CLANG_WARN_OBJC_ROOT_CLASS = YES_ERROR;
				CLANG_WARN_RANGE_LOOP_ANALYSIS = YES;
				CLANG_WARN_STRICT_PROTOTYPES = YES;
				CLANG_WARN_SUSPICIOUS_MOVE = YES;
				CLANG_WARN_UNGUARDED_AVAILABILITY = YES_AGGRESSIVE;
				CLANG_WARN_UNREACHABLE_CODE = YES;
				CLANG_WARN__DUPLICATE_METHOD_MATCH = YES;
				COPY_PHASE_STRIP = NO;
				DEBUG_INFORMATION_FORMAT = dwarf;
				ENABLE_STRICT_OBJC_MSGSEND = YES;
				ENABLE_TESTABILITY = YES;
				GCC_C_LANGUAGE_STANDARD = gnu11;
				GCC_DYNAMIC_NO_PIC = NO;
				GCC_NO_COMMON_BLOCKS = YES;
				GCC_OPTIMIZATION_LEVEL = 0;
				GCC_PREPROCESSOR_DEFINITIONS = (
					"DEBUG=1",
					"$(inherited)",
				);
				GCC_WARN_64_TO_32_BIT_CONVERSION = YES;
				GCC_WARN_ABOUT_RETURN_TYPE = YES_ERROR;
				GCC_WARN_UNDECLARED_SELECTOR = YES;
				GCC_WARN_UNINITIALIZED_AUTOS = YES_AGGRESSIVE;
				GCC_WARN_UNUSED_FUNCTION = YES;
				GCC_WARN_UNUSED_VARIABLE = YES;
				IPHONEOS_DEPLOYMENT_TARGET = 13.2;
				MTL_ENABLE_DEBUG_INFO = INCLUDE_SOURCE;
				MTL_FAST_MATH = YES;
				ONLY_ACTIVE_ARCH = YES;
				SDKROOT = iphoneos;
				SWIFT_ACTIVE_COMPILATION_CONDITIONS = DEBUG;
				SWIFT_OPTIMIZATION_LEVEL = "-Onone";
			};
			name = Debug;
		};
		1DD11D5C24082E08002A9541 /* Release */ = {
			isa = XCBuildConfiguration;
			buildSettings = {
				ALWAYS_SEARCH_USER_PATHS = NO;
				CLANG_ANALYZER_NONNULL = YES;
				CLANG_ANALYZER_NUMBER_OBJECT_CONVERSION = YES_AGGRESSIVE;
				CLANG_CXX_LANGUAGE_STANDARD = "gnu++14";
				CLANG_CXX_LIBRARY = "libc++";
				CLANG_ENABLE_MODULES = YES;
				CLANG_ENABLE_OBJC_ARC = YES;
				CLANG_ENABLE_OBJC_WEAK = YES;
				CLANG_WARN_BLOCK_CAPTURE_AUTORELEASING = YES;
				CLANG_WARN_BOOL_CONVERSION = YES;
				CLANG_WARN_COMMA = YES;
				CLANG_WARN_CONSTANT_CONVERSION = YES;
				CLANG_WARN_DEPRECATED_OBJC_IMPLEMENTATIONS = YES;
				CLANG_WARN_DIRECT_OBJC_ISA_USAGE = YES_ERROR;
				CLANG_WARN_DOCUMENTATION_COMMENTS = YES;
				CLANG_WARN_EMPTY_BODY = YES;
				CLANG_WARN_ENUM_CONVERSION = YES;
				CLANG_WARN_INFINITE_RECURSION = YES;
				CLANG_WARN_INT_CONVERSION = YES;
				CLANG_WARN_NON_LITERAL_NULL_CONVERSION = YES;
				CLANG_WARN_OBJC_IMPLICIT_RETAIN_SELF = YES;
				CLANG_WARN_OBJC_LITERAL_CONVERSION = YES;
				CLANG_WARN_OBJC_ROOT_CLASS = YES_ERROR;
				CLANG_WARN_RANGE_LOOP_ANALYSIS = YES;
				CLANG_WARN_STRICT_PROTOTYPES = YES;
				CLANG_WARN_SUSPICIOUS_MOVE = YES;
				CLANG_WARN_UNGUARDED_AVAILABILITY = YES_AGGRESSIVE;
				CLANG_WARN_UNREACHABLE_CODE = YES;
				CLANG_WARN__DUPLICATE_METHOD_MATCH = YES;
				COPY_PHASE_STRIP = NO;
				DEBUG_INFORMATION_FORMAT = "dwarf-with-dsym";
				ENABLE_NS_ASSERTIONS = NO;
				ENABLE_STRICT_OBJC_MSGSEND = YES;
				GCC_C_LANGUAGE_STANDARD = gnu11;
				GCC_NO_COMMON_BLOCKS = YES;
				GCC_WARN_64_TO_32_BIT_CONVERSION = YES;
				GCC_WARN_ABOUT_RETURN_TYPE = YES_ERROR;
				GCC_WARN_UNDECLARED_SELECTOR = YES;
				GCC_WARN_UNINITIALIZED_AUTOS = YES_AGGRESSIVE;
				GCC_WARN_UNUSED_FUNCTION = YES;
				GCC_WARN_UNUSED_VARIABLE = YES;
				IPHONEOS_DEPLOYMENT_TARGET = 13.2;
				MTL_ENABLE_DEBUG_INFO = NO;
				MTL_FAST_MATH = YES;
				SDKROOT = iphoneos;
				SWIFT_COMPILATION_MODE = wholemodule;
				SWIFT_OPTIMIZATION_LEVEL = "-O";
				VALIDATE_PRODUCT = YES;
			};
			name = Release;
		};
		1DD11D5E24082E08002A9541 /* Debug */ = {
			isa = XCBuildConfiguration;
			buildSettings = {
				ASSETCATALOG_COMPILER_APPICON_NAME = AppIcon;
				CODE_SIGN_STYLE = Automatic;
				DEVELOPMENT_ASSET_PATHS = "\"VolunteeringHub/Preview Content\"";
				DEVELOPMENT_TEAM = FNRAS3NY28;
				ENABLE_PREVIEWS = YES;
				INFOPLIST_FILE = VolunteeringHub/Info.plist;
				LD_RUNPATH_SEARCH_PATHS = (
					"$(inherited)",
					"@executable_path/Frameworks",
				);
				PRODUCT_BUNDLE_IDENTIFIER = com.Uniandes.VolunteeringHub;
				PRODUCT_NAME = "$(TARGET_NAME)";
				SWIFT_VERSION = 5.0;
				TARGETED_DEVICE_FAMILY = "1,2";
			};
			name = Debug;
		};
		1DD11D5F24082E08002A9541 /* Release */ = {
			isa = XCBuildConfiguration;
			buildSettings = {
				ASSETCATALOG_COMPILER_APPICON_NAME = AppIcon;
				CODE_SIGN_STYLE = Automatic;
				DEVELOPMENT_ASSET_PATHS = "\"VolunteeringHub/Preview Content\"";
				DEVELOPMENT_TEAM = FNRAS3NY28;
				ENABLE_PREVIEWS = YES;
				INFOPLIST_FILE = VolunteeringHub/Info.plist;
				LD_RUNPATH_SEARCH_PATHS = (
					"$(inherited)",
					"@executable_path/Frameworks",
				);
				PRODUCT_BUNDLE_IDENTIFIER = com.Uniandes.VolunteeringHub;
				PRODUCT_NAME = "$(TARGET_NAME)";
				SWIFT_VERSION = 5.0;
				TARGETED_DEVICE_FAMILY = "1,2";
			};
			name = Release;
		};
/* End XCBuildConfiguration section */

/* Begin XCConfigurationList section */
		1DD11D4424082E03002A9541 /* Build configuration list for PBXProject "VolunteeringHub" */ = {
			isa = XCConfigurationList;
			buildConfigurations = (
				1DD11D5B24082E08002A9541 /* Debug */,
				1DD11D5C24082E08002A9541 /* Release */,
			);
			defaultConfigurationIsVisible = 0;
			defaultConfigurationName = Release;
		};
		1DD11D5D24082E08002A9541 /* Build configuration list for PBXNativeTarget "VolunteeringHub" */ = {
			isa = XCConfigurationList;
			buildConfigurations = (
				1DD11D5E24082E08002A9541 /* Debug */,
				1DD11D5F24082E08002A9541 /* Release */,
			);
			defaultConfigurationIsVisible = 0;
			defaultConfigurationName = Release;
		};
/* End XCConfigurationList section */

/* Begin XCRemoteSwiftPackageReference section */
		1D799024242357CD00D715C4 /* XCRemoteSwiftPackageReference "url-image" */ = {
			isa = XCRemoteSwiftPackageReference;
			repositoryURL = "https://github.com/dmytro-anokhin/url-image.git";
			requirement = {
				kind = upToNextMajorVersion;
				minimumVersion = 0.9.12;
			};
		};
/* End XCRemoteSwiftPackageReference section */

/* Begin XCSwiftPackageProductDependency section */
		1D799025242357CE00D715C4 /* URLImage */ = {
			isa = XCSwiftPackageProductDependency;
			package = 1D799024242357CD00D715C4 /* XCRemoteSwiftPackageReference "url-image" */;
			productName = URLImage;
		};
/* End XCSwiftPackageProductDependency section */
	};
	rootObject = 1DD11D4124082E03002A9541 /* Project object */;
}
